
Microsoft Visual Studio Solution File, Format Version 12.00
# Visual Studio Version 17
VisualStudioVersion = 17.1.32210.238
MinimumVisualStudioVersion = 10.0.40219.1
Project("{9A19103F-16F7-4668-BE54-9A1E7A4F7556}") = "BBSK_PsychologistsTesting", "BBSK_PsychologistsTesting\BBSK_PsychologistsTesting.csproj", "{6143C62A-B7B5-4D26-AB90-1998B90915F2}"
EndProject
Global
	GlobalSection(SolutionConfigurationPlatforms) = preSolution
		Debug|Any CPU = Debug|Any CPU
		Release|Any CPU = Release|Any CPU
	EndGlobalSection
	GlobalSection(ProjectConfigurationPlatforms) = postSolution
		{6143C62A-B7B5-4D26-AB90-1998B90915F2}.Debug|Any CPU.ActiveCfg = Debug|Any CPU
		{6143C62A-B7B5-4D26-AB90-1998B90915F2}.Debug|Any CPU.Build.0 = Debug|Any CPU
		{6143C62A-B7B5-4D26-AB90-1998B90915F2}.Release|Any CPU.ActiveCfg = Release|Any CPU
		{6143C62A-B7B5-4D26-AB90-1998B90915F2}.Release|Any CPU.Build.0 = Release|Any CPU
	EndGlobalSection
	GlobalSection(SolutionProperties) = preSolution
		HideSolutionNode = FALSE
	EndGlobalSection
	GlobalSection(ExtensibilityGlobals) = postSolution
		SolutionGuid = {22FB231B-7AA1-42EE-8130-F2FC89976F75}
	EndGlobalSection
EndGlobal
